
Microsoft Visual Studio Solution File, Format Version 12.00
# Visual Studio Version 17
VisualStudioVersion = 17.9.34407.89
MinimumVisualStudioVersion = 10.0.40219.1
Project("{FAE04EC0-301F-11D3-BF4B-00C04F79EFBC}") = "Authentication", "Authentication\Authentication.csproj", "{8750A24A-9D08-49FE-A12B-19D2D5A6C527}"
EndProject
Global
	GlobalSection(SolutionConfigurationPlatforms) = preSolution
		Debug|Any CPU = Debug|Any CPU
		Release|Any CPU = Release|Any CPU
	EndGlobalSection
	GlobalSection(ProjectConfigurationPlatforms) = postSolution
		{8750A24A-9D08-49FE-A12B-19D2D5A6C527}.Debug|Any CPU.ActiveCfg = Debug|Any CPU
		{8750A24A-9D08-49FE-A12B-19D2D5A6C527}.Debug|Any CPU.Build.0 = Debug|Any CPU
		{8750A24A-9D08-49FE-A12B-19D2D5A6C527}.Release|Any CPU.ActiveCfg = Release|Any CPU
		{8750A24A-9D08-49FE-A12B-19D2D5A6C527}.Release|Any CPU.Build.0 = Release|Any CPU
	EndGlobalSection
	GlobalSection(SolutionProperties) = preSolution
		HideSolutionNode = FALSE
	EndGlobalSection
	GlobalSection(ExtensibilityGlobals) = postSolution
		SolutionGuid = {8CFAB253-3BA8-455F-921D-12326871439A}
	EndGlobalSection
EndGlobal
